{
  "version": 4,
  "terraform_version": "1.6.6",
  "serial": 1,
  "lineage": "c99417c0-8153-be3e-6a31-e255d489ddd8",
  "outputs": {
    "n01637478-RG": {
      "value": "n01637478-RG",
      "type": "string"
    }
  },
  "resources": [
    {
      "module": "module.rgroup",
      "mode": "managed",
      "type": "azurerm_resource_group",
      "name": "HumberIDRG",
      "provider": "module.rgroup.provider[\"registry.terraform.io/hashicorp/azurerm\"]",
      "instances": [
        {
          "schema_version": 0,
          "attributes": {
            "id": "/subscriptions/ae3c3837-f029-4e04-ae07-1ba7f8dc0cad/resourceGroups/n01637478-RG",
            "location": "eastus",
            "managed_by": "",
            "name": "n01637478-RG",
            "tags": null,
            "timeouts": null
          },
          "sensitive_attributes": [],
          "private": "eyJlMmJmYjczMC1lY2FhLTExZTYtOGY4OC0zNDM2M2JjN2M0YzAiOnsiY3JlYXRlIjo1NDAwMDAwMDAwMDAwLCJkZWxldGUiOjU0MDAwMDAwMDAwMDAsInJlYWQiOjMwMDAwMDAwMDAwMCwidXBkYXRlIjo1NDAwMDAwMDAwMDAwfX0="
        }
      ]
    }
  ],
  "check_results": null
}
